// !$*UTF8*$!
{
	archiveVersion = 1;
	classes = {
	};
	objectVersion = 56;
	objects = {

/* Begin PBXBuildFile section */
		18FC76112BFBB00A00DFC8D9 /* AppDelegate.swift in Sources */ = {isa = PBXBuildFile; fileRef = 18FC76102BFBB00A00DFC8D9 /* AppDelegate.swift */; };
		18FC76132BFBB00A00DFC8D9 /* SceneDelegate.swift in Sources */ = {isa = PBXBuildFile; fileRef = 18FC76122BFBB00A00DFC8D9 /* SceneDelegate.swift */; };
		18FC76182BFBB00A00DFC8D9 /* Base in Resources */ = {isa = PBXBuildFile; fileRef = 18FC76172BFBB00A00DFC8D9 /* Base */; };
		18FC761A2BFBB00C00DFC8D9 /* Assets.xcassets in Resources */ = {isa = PBXBuildFile; fileRef = 18FC76192BFBB00C00DFC8D9 /* Assets.xcassets */; };
		18FC761D2BFBB00C00DFC8D9 /* Base in Resources */ = {isa = PBXBuildFile; fileRef = 18FC761C2BFBB00C00DFC8D9 /* Base */; };
		18FC76262BFBB50E00DFC8D9 /* ApiImageResponse.swift in Sources */ = {isa = PBXBuildFile; fileRef = 18FC76252BFBB50E00DFC8D9 /* ApiImageResponse.swift */; };
		18FC76292BFBB53100DFC8D9 /* DogViewModel.swift in Sources */ = {isa = PBXBuildFile; fileRef = 18FC76282BFBB53100DFC8D9 /* DogViewModel.swift */; };
		18FC762C2BFBB56C00DFC8D9 /* DogCollectionViewCell.swift in Sources */ = {isa = PBXBuildFile; fileRef = 18FC762B2BFBB56C00DFC8D9 /* DogCollectionViewCell.swift */; };
		18FC762F2BFBBCD400DFC8D9 /* ViewController.swift in Sources */ = {isa = PBXBuildFile; fileRef = 18FC762E2BFBBCD400DFC8D9 /* ViewController.swift */; };
/* End PBXBuildFile section */

/* Begin PBXFileReference section */
		18FC760D2BFBB00A00DFC8D9 /* SmartGallery.app */ = {isa = PBXFileReference; explicitFileType = wrapper.application; includeInIndex = 0; path = SmartGallery.app; sourceTree = BUILT_PRODUCTS_DIR; };
		18FC76102BFBB00A00DFC8D9 /* AppDelegate.swift */ = {isa = PBXFileReference; lastKnownFileType = sourcecode.swift; path = AppDelegate.swift; sourceTree = "<group>"; };
		18FC76122BFBB00A00DFC8D9 /* SceneDelegate.swift */ = {isa = PBXFileReference; lastKnownFileType = sourcecode.swift; path = SceneDelegate.swift; sourceTree = "<group>"; };
		18FC76172BFBB00A00DFC8D9 /* Base */ = {isa = PBXFileReference; lastKnownFileType = file.storyboard; name = Base; path = Base.lproj/Main.storyboard; sourceTree = "<group>"; };
		18FC76192BFBB00C00DFC8D9 /* Assets.xcassets */ = {isa = PBXFileReference; lastKnownFileType = folder.assetcatalog; path = Assets.xcassets; sourceTree = "<group>"; };
		18FC761C2BFBB00C00DFC8D9 /* Base */ = {isa = PBXFileReference; lastKnownFileType = file.storyboard; name = Base; path = Base.lproj/LaunchScreen.storyboard; sourceTree = "<group>"; };
		18FC761E2BFBB00C00DFC8D9 /* Info.plist */ = {isa = PBXFileReference; lastKnownFileType = text.plist.xml; path = Info.plist; sourceTree = "<group>"; };
		18FC76252BFBB50E00DFC8D9 /* ApiImageResponse.swift */ = {isa = PBXFileReference; lastKnownFileType = sourcecode.swift; path = ApiImageResponse.swift; sourceTree = "<group>"; };
		18FC76282BFBB53100DFC8D9 /* DogViewModel.swift */ = {isa = PBXFileReference; lastKnownFileType = sourcecode.swift; path = DogViewModel.swift; sourceTree = "<group>"; };
		18FC762B2BFBB56C00DFC8D9 /* DogCollectionViewCell.swift */ = {isa = PBXFileReference; lastKnownFileType = sourcecode.swift; path = DogCollectionViewCell.swift; sourceTree = "<group>"; };
		18FC762E2BFBBCD400DFC8D9 /* ViewController.swift */ = {isa = PBXFileReference; lastKnownFileType = sourcecode.swift; path = ViewController.swift; sourceTree = "<group>"; };
/* End PBXFileReference section */

/* Begin PBXFrameworksBuildPhase section */
		18FC760A2BFBB00A00DFC8D9 /* Frameworks */ = {
			isa = PBXFrameworksBuildPhase;
			buildActionMask = 2147483647;
			files = (
			);
			runOnlyForDeploymentPostprocessing = 0;
		};
/* End PBXFrameworksBuildPhase section */

/* Begin PBXGroup section */
		18FC76042BFBB00A00DFC8D9 = {
			isa = PBXGroup;
			children = (
				18FC760F2BFBB00A00DFC8D9 /* SmartGallery */,
				18FC760E2BFBB00A00DFC8D9 /* Products */,
			);
			sourceTree = "<group>";
		};
		18FC760E2BFBB00A00DFC8D9 /* Products */ = {
			isa = PBXGroup;
			children = (
				18FC760D2BFBB00A00DFC8D9 /* SmartGallery.app */,
			);
			name = Products;
			sourceTree = "<group>";
		};
		18FC760F2BFBB00A00DFC8D9 /* SmartGallery */ = {
			isa = PBXGroup;
			children = (
				18FC76242BFBB4FF00DFC8D9 /* Model */,
				18FC762A2BFBB55400DFC8D9 /* Views */,
				18FC76272BFBB52400DFC8D9 /* ViewModel */,
				18FC762D2BFBB85B00DFC8D9 /* Common */,
				18FC76162BFBB00A00DFC8D9 /* Main.storyboard */,
				18FC76192BFBB00C00DFC8D9 /* Assets.xcassets */,
				18FC761B2BFBB00C00DFC8D9 /* LaunchScreen.storyboard */,
				18FC761E2BFBB00C00DFC8D9 /* Info.plist */,
			);
			path = SmartGallery;
			sourceTree = "<group>";
		};
		18FC76242BFBB4FF00DFC8D9 /* Model */ = {
			isa = PBXGroup;
			children = (
				18FC76252BFBB50E00DFC8D9 /* ApiImageResponse.swift */,
			);
			path = Model;
			sourceTree = "<group>";
		};
		18FC76272BFBB52400DFC8D9 /* ViewModel */ = {
			isa = PBXGroup;
			children = (
				18FC76282BFBB53100DFC8D9 /* DogViewModel.swift */,
			);
			path = ViewModel;
			sourceTree = "<group>";
		};
		18FC762A2BFBB55400DFC8D9 /* Views */ = {
			isa = PBXGroup;
			children = (
				18FC762B2BFBB56C00DFC8D9 /* DogCollectionViewCell.swift */,
				18FC762E2BFBBCD400DFC8D9 /* ViewController.swift */,
			);
			path = Views;
			sourceTree = "<group>";
		};
		18FC762D2BFBB85B00DFC8D9 /* Common */ = {
			isa = PBXGroup;
			children = (
				18FC76102BFBB00A00DFC8D9 /* AppDelegate.swift */,
				18FC76122BFBB00A00DFC8D9 /* SceneDelegate.swift */,
			);
			path = Common;
			sourceTree = "<group>";
		};
/* End PBXGroup section */

/* Begin PBXNativeTarget section */
		18FC760C2BFBB00A00DFC8D9 /* SmartGallery */ = {
			isa = PBXNativeTarget;
			buildConfigurationList = 18FC76212BFBB00C00DFC8D9 /* Build configuration list for PBXNativeTarget "SmartGallery" */;
			buildPhases = (
				18FC76092BFBB00A00DFC8D9 /* Sources */,
				18FC760A2BFBB00A00DFC8D9 /* Frameworks */,
				18FC760B2BFBB00A00DFC8D9 /* Resources */,
			);
			buildRules = (
			);
			dependencies = (
			);
			name = SmartGallery;
			productName = SmartGallery;
			productReference = 18FC760D2BFBB00A00DFC8D9 /* SmartGallery.app */;
			productType = "com.apple.product-type.application";
		};
/* End PBXNativeTarget section */

/* Begin PBXProject section */
		18FC76052BFBB00A00DFC8D9 /* Project object */ = {
			isa = PBXProject;
			attributes = {
				BuildIndependentTargetsInParallel = 1;
				LastSwiftUpdateCheck = 1540;
				LastUpgradeCheck = 1540;
				TargetAttributes = {
					18FC760C2BFBB00A00DFC8D9 = {
						CreatedOnToolsVersion = 15.4;
					};
				};
			};
			buildConfigurationList = 18FC76082BFBB00A00DFC8D9 /* Build configuration list for PBXProject "SmartGallery" */;
			compatibilityVersion = "Xcode 14.0";
			developmentRegion = en;
			hasScannedForEncodings = 0;
			knownRegions = (
				en,
				Base,
			);
			mainGroup = 18FC76042BFBB00A00DFC8D9;
			productRefGroup = 18FC760E2BFBB00A00DFC8D9 /* Products */;
			projectDirPath = "";
			projectRoot = "";
			targets = (
				18FC760C2BFBB00A00DFC8D9 /* SmartGallery */,
			);
		};
/* End PBXProject section */

/* Begin PBXResourcesBuildPhase section */
		18FC760B2BFBB00A00DFC8D9 /* Resources */ = {
			isa = PBXResourcesBuildPhase;
			buildActionMask = 2147483647;
			files = (
				18FC761A2BFBB00C00DFC8D9 /* Assets.xcassets in Resources */,
				18FC761D2BFBB00C00DFC8D9 /* Base in Resources */,
				18FC76182BFBB00A00DFC8D9 /* Base in Resources */,
			);
			runOnlyForDeploymentPostprocessing = 0;
		};
/* End PBXResourcesBuildPhase section */

/* Begin PBXSourcesBuildPhase section */
		18FC76092BFBB00A00DFC8D9 /* Sources */ = {
			isa = PBXSourcesBuildPhase;
			buildActionMask = 2147483647;
			files = (
				18FC762F2BFBBCD400DFC8D9 /* ViewController.swift in Sources */,
				18FC762C2BFBB56C00DFC8D9 /* DogCollectionViewCell.swift in Sources */,
				18FC76112BFBB00A00DFC8D9 /* AppDelegate.swift in Sources */,
				18FC76292BFBB53100DFC8D9 /* DogViewModel.swift in Sources */,
				18FC76262BFBB50E00DFC8D9 /* ApiImageResponse.swift in Sources */,
				18FC76132BFBB00A00DFC8D9 /* SceneDelegate.swift in Sources */,
			);
			runOnlyForDeploymentPostprocessing = 0;
		};
/* End PBXSourcesBuildPhase section */

/* Begin PBXVariantGroup section */
		18FC76162BFBB00A00DFC8D9 /* Main.storyboard */ = {
			isa = PBXVariantGroup;
			children = (
				18FC76172BFBB00A00DFC8D9 /* Base */,
			);
			name = Main.storyboard;
			sourceTree = "<group>";
		};
		18FC761B2BFBB00C00DFC8D9 /* LaunchScreen.storyboard */ = {
			isa = PBXVariantGroup;
			children = (
				18FC761C2BFBB00C00DFC8D9 /* Base */,
			);
			name = LaunchScreen.storyboard;
			sourceTree = "<group>";
		};
/* End PBXVariantGroup section */

/* Begin XCBuildConfiguration section */
		18FC761F2BFBB00C00DFC8D9 /* Debug */ = {
			isa = XCBuildConfiguration;
			buildSettings = {
				ALWAYS_SEARCH_USER_PATHS = NO;
				ASSETCATALOG_COMPILER_GENERATE_SWIFT_ASSET_SYMBOL_EXTENSIONS = YES;
				CLANG_ANALYZER_NONNULL = YES;
				CLANG_ANALYZER_NUMBER_OBJECT_CONVERSION = YES_AGGRESSIVE;
				CLANG_CXX_LANGUAGE_STANDARD = "gnu++20";
				CLANG_ENABLE_MODULES = YES;
				CLANG_ENABLE_OBJC_ARC = YES;
				CLANG_ENABLE_OBJC_WEAK = YES;
				CLANG_WARN_BLOCK_CAPTURE_AUTORELEASING = YES;
				CLANG_WARN_BOOL_CONVERSION = YES;
				CLANG_WARN_COMMA = YES;
				CLANG_WARN_CONSTANT_CONVERSION = YES;
				CLANG_WARN_DEPRECATED_OBJC_IMPLEMENTATIONS = YES;
				CLANG_WARN_DIRECT_OBJC_ISA_USAGE = YES_ERROR;
				CLANG_WARN_DOCUMENTATION_COMMENTS = YES;
				CLANG_WARN_EMPTY_BODY = YES;
				CLANG_WARN_ENUM_CONVERSION = YES;
				CLANG_WARN_INFINITE_RECURSION = YES;
				CLANG_WARN_INT_CONVERSION = YES;
				CLANG_WARN_NON_LITERAL_NULL_CONVERSION = YES;
				CLANG_WARN_OBJC_IMPLICIT_RETAIN_SELF = YES;
				CLANG_WARN_OBJC_LITERAL_CONVERSION = YES;
				CLANG_WARN_OBJC_ROOT_CLASS = YES_ERROR;
				CLANG_WARN_QUOTED_INCLUDE_IN_FRAMEWORK_HEADER = YES;
				CLANG_WARN_RANGE_LOOP_ANALYSIS = YES;
				CLANG_WARN_STRICT_PROTOTYPES = YES;
				CLANG_WARN_SUSPICIOUS_MOVE = YES;
				CLANG_WARN_UNGUARDED_AVAILABILITY = YES_AGGRESSIVE;
				CLANG_WARN_UNREACHABLE_CODE = YES;
				CLANG_WARN__DUPLICATE_METHOD_MATCH = YES;
				COPY_PHASE_STRIP = NO;
				DEBUG_INFORMATION_FORMAT = dwarf;
				ENABLE_STRICT_OBJC_MSGSEND = YES;
				ENABLE_TESTABILITY = YES;
				ENABLE_USER_SCRIPT_SANDBOXING = YES;
				GCC_C_LANGUAGE_STANDARD = gnu17;
				GCC_DYNAMIC_NO_PIC = NO;
				GCC_NO_COMMON_BLOCKS = YES;
				GCC_OPTIMIZATION_LEVEL = 0;
				GCC_PREPROCESSOR_DEFINITIONS = (
					"DEBUG=1",
					"$(inherited)",
				);
				GCC_WARN_64_TO_32_BIT_CONVERSION = YES;
				GCC_WARN_ABOUT_RETURN_TYPE = YES_ERROR;
				GCC_WARN_UNDECLARED_SELECTOR = YES;
				GCC_WARN_UNINITIALIZED_AUTOS = YES_AGGRESSIVE;
				GCC_WARN_UNUSED_FUNCTION = YES;
				GCC_WARN_UNUSED_VARIABLE = YES;
				IPHONEOS_DEPLOYMENT_TARGET = 17.5;
				LOCALIZATION_PREFERS_STRING_CATALOGS = YES;
				MTL_ENABLE_DEBUG_INFO = INCLUDE_SOURCE;
				MTL_FAST_MATH = YES;
				ONLY_ACTIVE_ARCH = YES;
				SDKROOT = iphoneos;
				SWIFT_ACTIVE_COMPILATION_CONDITIONS = "DEBUG $(inherited)";
				SWIFT_OPTIMIZATION_LEVEL = "-Onone";
			};
			name = Debug;
		};
		18FC76202BFBB00C00DFC8D9 /* Release */ = {
			isa = XCBuildConfiguration;
			buildSettings = {
				ALWAYS_SEARCH_USER_PATHS = NO;
				ASSETCATALOG_COMPILER_GENERATE_SWIFT_ASSET_SYMBOL_EXTENSIONS = YES;
				CLANG_ANALYZER_NONNULL = YES;
				CLANG_ANALYZER_NUMBER_OBJECT_CONVERSION = YES_AGGRESSIVE;
				CLANG_CXX_LANGUAGE_STANDARD = "gnu++20";
				CLANG_ENABLE_MODULES = YES;
				CLANG_ENABLE_OBJC_ARC = YES;
				CLANG_ENABLE_OBJC_WEAK = YES;
				CLANG_WARN_BLOCK_CAPTURE_AUTORELEASING = YES;
				CLANG_WARN_BOOL_CONVERSION = YES;
				CLANG_WARN_COMMA = YES;
				CLANG_WARN_CONSTANT_CONVERSION = YES;
				CLANG_WARN_DEPRECATED_OBJC_IMPLEMENTATIONS = YES;
				CLANG_WARN_DIRECT_OBJC_ISA_USAGE = YES_ERROR;
				CLANG_WARN_DOCUMENTATION_COMMENTS = YES;
				CLANG_WARN_EMPTY_BODY = YES;
				CLANG_WARN_ENUM_CONVERSION = YES;
				CLANG_WARN_INFINITE_RECURSION = YES;
				CLANG_WARN_INT_CONVERSION = YES;
				CLANG_WARN_NON_LITERAL_NULL_CONVERSION = YES;
				CLANG_WARN_OBJC_IMPLICIT_RETAIN_SELF = YES;
				CLANG_WARN_OBJC_LITERAL_CONVERSION = YES;
				CLANG_WARN_OBJC_ROOT_CLASS = YES_ERROR;
				CLANG_WARN_QUOTED_INCLUDE_IN_FRAMEWORK_HEADER = YES;
				CLANG_WARN_RANGE_LOOP_ANALYSIS = YES;
				CLANG_WARN_STRICT_PROTOTYPES = YES;
				CLANG_WARN_SUSPICIOUS_MOVE = YES;
				CLANG_WARN_UNGUARDED_AVAILABILITY = YES_AGGRESSIVE;
				CLANG_WARN_UNREACHABLE_CODE = YES;
				CLANG_WARN__DUPLICATE_METHOD_MATCH = YES;
				COPY_PHASE_STRIP = NO;
				DEBUG_INFORMATION_FORMAT = "dwarf-with-dsym";
				ENABLE_NS_ASSERTIONS = NO;
				ENABLE_STRICT_OBJC_MSGSEND = YES;
				ENABLE_USER_SCRIPT_SANDBOXING = YES;
				GCC_C_LANGUAGE_STANDARD = gnu17;
				GCC_NO_COMMON_BLOCKS = YES;
				GCC_WARN_64_TO_32_BIT_CONVERSION = YES;
				GCC_WARN_ABOUT_RETURN_TYPE = YES_ERROR;
				GCC_WARN_UNDECLARED_SELECTOR = YES;
				GCC_WARN_UNINITIALIZED_AUTOS = YES_AGGRESSIVE;
				GCC_WARN_UNUSED_FUNCTION = YES;
				GCC_WARN_UNUSED_VARIABLE = YES;
				IPHONEOS_DEPLOYMENT_TARGET = 17.5;
				LOCALIZATION_PREFERS_STRING_CATALOGS = YES;
				MTL_ENABLE_DEBUG_INFO = NO;
				MTL_FAST_MATH = YES;
				SDKROOT = iphoneos;
				SWIFT_COMPILATION_MODE = wholemodule;
				VALIDATE_PRODUCT = YES;
			};
			name = Release;
		};
		18FC76222BFBB00C00DFC8D9 /* Debug */ = {
			isa = XCBuildConfiguration;
			buildSettings = {
				ASSETCATALOG_COMPILER_APPICON_NAME = AppIcon;
				ASSETCATALOG_COMPILER_GLOBAL_ACCENT_COLOR_NAME = AccentColor;
				CODE_SIGN_STYLE = Automatic;
				CURRENT_PROJECT_VERSION = 1;
				DEVELOPMENT_TEAM = 7WZJQ7AT83;
				GENERATE_INFOPLIST_FILE = YES;
				INFOPLIST_FILE = SmartGallery/Info.plist;
				INFOPLIST_KEY_UIApplicationSupportsIndirectInputEvents = YES;
				INFOPLIST_KEY_UILaunchStoryboardName = LaunchScreen;
				INFOPLIST_KEY_UIMainStoryboardFile = Main;
				INFOPLIST_KEY_UISupportedInterfaceOrientations_iPad = "UIInterfaceOrientationPortrait UIInterfaceOrientationPortraitUpsideDown UIInterfaceOrientationLandscapeLeft UIInterfaceOrientationLandscapeRight";
				INFOPLIST_KEY_UISupportedInterfaceOrientations_iPhone = "UIInterfaceOrientationPortrait UIInterfaceOrientationLandscapeLeft UIInterfaceOrientationLandscapeRight";
				IPHONEOS_DEPLOYMENT_TARGET = 16.0;
				LD_RUNPATH_SEARCH_PATHS = (
					"$(inherited)",
					"@executable_path/Frameworks",
				);
				MARKETING_VERSION = 1.0;
				PRODUCT_BUNDLE_IDENTIFIER = ruchira.sinha.SmartGallery;
				PRODUCT_NAME = "$(TARGET_NAME)";
				SWIFT_EMIT_LOC_STRINGS = YES;
				SWIFT_VERSION = 5.0;
				TARGETED_DEVICE_FAMILY = "1,2";
			};
			name = Debug;
		};
		18FC76232BFBB00C00DFC8D9 /* Release */ = {
			isa = XCBuildConfiguration;
			buildSettings = {
				ASSETCATALOG_COMPILER_APPICON_NAME = AppIcon;
				ASSETCATALOG_COMPILER_GLOBAL_ACCENT_COLOR_NAME = AccentColor;
				CODE_SIGN_STYLE = Automatic;
				CURRENT_PROJECT_VERSION = 1;
				DEVELOPMENT_TEAM = 7WZJQ7AT83;
				GENERATE_INFOPLIST_FILE = YES;
				INFOPLIST_FILE = SmartGallery/Info.plist;
				INFOPLIST_KEY_UIApplicationSupportsIndirectInputEvents = YES;
				INFOPLIST_KEY_UILaunchStoryboardName = LaunchScreen;
				INFOPLIST_KEY_UIMainStoryboardFile = Main;
				INFOPLIST_KEY_UISupportedInterfaceOrientations_iPad = "UIInterfaceOrientationPortrait UIInterfaceOrientationPortraitUpsideDown UIInterfaceOrientationLandscapeLeft UIInterfaceOrientationLandscapeRight";
				INFOPLIST_KEY_UISupportedInterfaceOrientations_iPhone = "UIInterfaceOrientationPortrait UIInterfaceOrientationLandscapeLeft UIInterfaceOrientationLandscapeRight";
				IPHONEOS_DEPLOYMENT_TARGET = 16.0;
				LD_RUNPATH_SEARCH_PATHS = (
					"$(inherited)",
					"@executable_path/Frameworks",
				);
				MARKETING_VERSION = 1.0;
				PRODUCT_BUNDLE_IDENTIFIER = ruchira.sinha.SmartGallery;
				PRODUCT_NAME = "$(TARGET_NAME)";
				SWIFT_EMIT_LOC_STRINGS = YES;
				SWIFT_VERSION = 5.0;
				TARGETED_DEVICE_FAMILY = "1,2";
			};
			name = Release;
		};
/* End XCBuildConfiguration section */

/* Begin XCConfigurationList section */
		18FC76082BFBB00A00DFC8D9 /* Build configuration list for PBXProject "SmartGallery" */ = {
			isa = XCConfigurationList;
			buildConfigurations = (
				18FC761F2BFBB00C00DFC8D9 /* Debug */,
				18FC76202BFBB00C00DFC8D9 /* Release */,
			);
			defaultConfigurationIsVisible = 0;
			defaultConfigurationName = Release;
		};
		18FC76212BFBB00C00DFC8D9 /* Build configuration list for PBXNativeTarget "SmartGallery" */ = {
			isa = XCConfigurationList;
			buildConfigurations = (
				18FC76222BFBB00C00DFC8D9 /* Debug */,
				18FC76232BFBB00C00DFC8D9 /* Release */,
			);
			defaultConfigurationIsVisible = 0;
			defaultConfigurationName = Release;
		};
/* End XCConfigurationList section */
	};
	rootObject = 18FC76052BFBB00A00DFC8D9 /* Project object */;
}
